
Microsoft Visual Studio Solution File, Format Version 12.00
# Visual Studio 15
VisualStudioVersion = 15.0.27703.2042
MinimumVisualStudioVersion = 10.0.40219.1
Project("{FAE04EC0-301F-11D3-BF4B-00C04F79EFBC}") = "Brandon_Miranda_17610437_Assignment 1", "Brandon_Miranda_17610437_Assignment 1\Brandon_Miranda_17610437_Assignment 1.csproj", "{95AB70A7-F44E-4F62-AD2B-1D209C38705A}"
EndProject
Global
	GlobalSection(SolutionConfigurationPlatforms) = preSolution
		Debug|Any CPU = Debug|Any CPU
		Release|Any CPU = Release|Any CPU
	EndGlobalSection
	GlobalSection(ProjectConfigurationPlatforms) = postSolution
		{95AB70A7-F44E-4F62-AD2B-1D209C38705A}.Debug|Any CPU.ActiveCfg = Debug|Any CPU
		{95AB70A7-F44E-4F62-AD2B-1D209C38705A}.Debug|Any CPU.Build.0 = Debug|Any CPU
		{95AB70A7-F44E-4F62-AD2B-1D209C38705A}.Release|Any CPU.ActiveCfg = Release|Any CPU
		{95AB70A7-F44E-4F62-AD2B-1D209C38705A}.Release|Any CPU.Build.0 = Release|Any CPU
	EndGlobalSection
	GlobalSection(SolutionProperties) = preSolution
		HideSolutionNode = FALSE
	EndGlobalSection
	GlobalSection(ExtensibilityGlobals) = postSolution
		SolutionGuid = {A0C1A69E-89C7-4BF6-B91A-76C514D18F25}
	EndGlobalSection
EndGlobal
